
Microsoft Visual Studio Solution File, Format Version 12.00
# Visual Studio 2017
Project("{FAE04EC0-301F-11D3-BF4B-00C04F79EFBC}") = "Iron", "Iron.csproj", "{678A99E8-8F5B-2E8A-D3C3-3F87F178FFB9}"
EndProject
Project("{FAE04EC0-301F-11D3-BF4B-00C04F79EFBC}") = "Iron.Editor", "Iron.Editor.csproj", "{59FD3819-DD05-09F4-BE38-5DB121894FE3}"
EndProject
Global
	GlobalSection(SolutionConfigurationPlatforms) = preSolution
		Debug|Any CPU = Debug|Any CPU
		Release|Any CPU = Release|Any CPU
	EndGlobalSection
	GlobalSection(ProjectConfigurationPlatforms) = postSolution
		{678A99E8-8F5B-2E8A-D3C3-3F87F178FFB9}.Debug|Any CPU.ActiveCfg = Debug|Any CPU
		{678A99E8-8F5B-2E8A-D3C3-3F87F178FFB9}.Debug|Any CPU.Build.0 = Debug|Any CPU
		{678A99E8-8F5B-2E8A-D3C3-3F87F178FFB9}.Release|Any CPU.ActiveCfg = Release|Any CPU
		{678A99E8-8F5B-2E8A-D3C3-3F87F178FFB9}.Release|Any CPU.Build.0 = Release|Any CPU
		{59FD3819-DD05-09F4-BE38-5DB121894FE3}.Debug|Any CPU.ActiveCfg = Debug|Any CPU
		{59FD3819-DD05-09F4-BE38-5DB121894FE3}.Debug|Any CPU.Build.0 = Debug|Any CPU
		{59FD3819-DD05-09F4-BE38-5DB121894FE3}.Release|Any CPU.ActiveCfg = Release|Any CPU
		{59FD3819-DD05-09F4-BE38-5DB121894FE3}.Release|Any CPU.Build.0 = Release|Any CPU
	EndGlobalSection
	GlobalSection(SolutionProperties) = preSolution
		HideSolutionNode = FALSE
	EndGlobalSection
EndGlobal
